
Microsoft Visual Studio Solution File, Format Version 12.00
# Visual Studio Version 17
VisualStudioVersion = 17.4.33213.308
MinimumVisualStudioVersion = 10.0.40219.1
Project("{FAE04EC0-301F-11D3-BF4B-00C04F79EFBC}") = "Route66.WPF.Controls", "Route66.WPF.Controls\Route66.WPF.Controls.csproj", "{71EC836C-C909-4AC4-B63F-69FDFA610FD0}"
EndProject
Global
	GlobalSection(SolutionConfigurationPlatforms) = preSolution
		Debug|Any CPU = Debug|Any CPU
		Release|Any CPU = Release|Any CPU
	EndGlobalSection
	GlobalSection(ProjectConfigurationPlatforms) = postSolution
		{71EC836C-C909-4AC4-B63F-69FDFA610FD0}.Debug|Any CPU.ActiveCfg = Debug|Any CPU
		{71EC836C-C909-4AC4-B63F-69FDFA610FD0}.Debug|Any CPU.Build.0 = Debug|Any CPU
		{71EC836C-C909-4AC4-B63F-69FDFA610FD0}.Release|Any CPU.ActiveCfg = Release|Any CPU
		{71EC836C-C909-4AC4-B63F-69FDFA610FD0}.Release|Any CPU.Build.0 = Release|Any CPU
	EndGlobalSection
	GlobalSection(SolutionProperties) = preSolution
		HideSolutionNode = FALSE
	EndGlobalSection
	GlobalSection(ExtensibilityGlobals) = postSolution
		SolutionGuid = {54420E2B-241D-408B-82F0-2C49570564B1}
	EndGlobalSection
EndGlobal
